// !$*UTF8*$!
{
	archiveVersion = 1;
	classes = {
	};
	objectVersion = 56;
	objects = {

/* Begin PBXBuildFile section */
		3FCA170B29156FA80031D815 /* GraphFunctCalcApp.swift in Sources */ = {isa = PBXBuildFile; fileRef = 3FCA170A29156FA80031D815 /* GraphFunctCalcApp.swift */; };
		3FCA170D29156FA80031D815 /* ContentView.swift in Sources */ = {isa = PBXBuildFile; fileRef = 3FCA170C29156FA80031D815 /* ContentView.swift */; };
		3FCA170F29156FAB0031D815 /* Assets.xcassets in Resources */ = {isa = PBXBuildFile; fileRef = 3FCA170E29156FAB0031D815 /* Assets.xcassets */; };
		3FCA171229156FAB0031D815 /* Preview Assets.xcassets in Resources */ = {isa = PBXBuildFile; fileRef = 3FCA171129156FAB0031D815 /* Preview Assets.xcassets */; };
		3FCA171C29156FAB0031D815 /* GraphFunctCalcTests.swift in Sources */ = {isa = PBXBuildFile; fileRef = 3FCA171B29156FAB0031D815 /* GraphFunctCalcTests.swift */; };
		3FCA172629156FAB0031D815 /* GraphFunctCalcUITests.swift in Sources */ = {isa = PBXBuildFile; fileRef = 3FCA172529156FAB0031D815 /* GraphFunctCalcUITests.swift */; };
		3FCA172829156FAB0031D815 /* GraphFunctCalcUITestsLaunchTests.swift in Sources */ = {isa = PBXBuildFile; fileRef = 3FCA172729156FAB0031D815 /* GraphFunctCalcUITestsLaunchTests.swift */; };
		3FCA173629156FE00031D815 /* BasicCalc.swift in Sources */ = {isa = PBXBuildFile; fileRef = 3FCA173529156FE00031D815 /* BasicCalc.swift */; };
		3FCA173829156FF50031D815 /* BasicGraph.swift in Sources */ = {isa = PBXBuildFile; fileRef = 3FCA173729156FF50031D815 /* BasicGraph.swift */; };
		3FCA173A291570090031D815 /* Functions.swift in Sources */ = {isa = PBXBuildFile; fileRef = 3FCA1739291570090031D815 /* Functions.swift */; };
		3FCA173C291576410031D815 /* GraphSettings.swift in Sources */ = {isa = PBXBuildFile; fileRef = 3FCA173B291576410031D815 /* GraphSettings.swift */; };
/* End PBXBuildFile section */

/* Begin PBXContainerItemProxy section */
		3FCA171829156FAB0031D815 /* PBXContainerItemProxy */ = {
			isa = PBXContainerItemProxy;
			containerPortal = 3FCA16FF29156FA80031D815 /* Project object */;
			proxyType = 1;
			remoteGlobalIDString = 3FCA170629156FA80031D815;
			remoteInfo = GraphFunctCalc;
		};
		3FCA172229156FAB0031D815 /* PBXContainerItemProxy */ = {
			isa = PBXContainerItemProxy;
			containerPortal = 3FCA16FF29156FA80031D815 /* Project object */;
			proxyType = 1;
			remoteGlobalIDString = 3FCA170629156FA80031D815;
			remoteInfo = GraphFunctCalc;
		};
/* End PBXContainerItemProxy section */

/* Begin PBXFileReference section */
		3FCA170729156FA80031D815 /* GraphFunctCalc.app */ = {isa = PBXFileReference; explicitFileType = wrapper.application; includeInIndex = 0; path = GraphFunctCalc.app; sourceTree = BUILT_PRODUCTS_DIR; };
		3FCA170A29156FA80031D815 /* GraphFunctCalcApp.swift */ = {isa = PBXFileReference; lastKnownFileType = sourcecode.swift; path = GraphFunctCalcApp.swift; sourceTree = "<group>"; };
		3FCA170C29156FA80031D815 /* ContentView.swift */ = {isa = PBXFileReference; lastKnownFileType = sourcecode.swift; path = ContentView.swift; sourceTree = "<group>"; };
		3FCA170E29156FAB0031D815 /* Assets.xcassets */ = {isa = PBXFileReference; lastKnownFileType = folder.assetcatalog; path = Assets.xcassets; sourceTree = "<group>"; };
		3FCA171129156FAB0031D815 /* Preview Assets.xcassets */ = {isa = PBXFileReference; lastKnownFileType = folder.assetcatalog; path = "Preview Assets.xcassets"; sourceTree = "<group>"; };
		3FCA171729156FAB0031D815 /* GraphFunctCalcTests.xctest */ = {isa = PBXFileReference; explicitFileType = wrapper.cfbundle; includeInIndex = 0; path = GraphFunctCalcTests.xctest; sourceTree = BUILT_PRODUCTS_DIR; };
		3FCA171B29156FAB0031D815 /* GraphFunctCalcTests.swift */ = {isa = PBXFileReference; lastKnownFileType = sourcecode.swift; path = GraphFunctCalcTests.swift; sourceTree = "<group>"; };
		3FCA172129156FAB0031D815 /* GraphFunctCalcUITests.xctest */ = {isa = PBXFileReference; explicitFileType = wrapper.cfbundle; includeInIndex = 0; path = GraphFunctCalcUITests.xctest; sourceTree = BUILT_PRODUCTS_DIR; };
		3FCA172529156FAB0031D815 /* GraphFunctCalcUITests.swift */ = {isa = PBXFileReference; lastKnownFileType = sourcecode.swift; path = GraphFunctCalcUITests.swift; sourceTree = "<group>"; };
		3FCA172729156FAB0031D815 /* GraphFunctCalcUITestsLaunchTests.swift */ = {isa = PBXFileReference; lastKnownFileType = sourcecode.swift; path = GraphFunctCalcUITestsLaunchTests.swift; sourceTree = "<group>"; };
		3FCA173529156FE00031D815 /* BasicCalc.swift */ = {isa = PBXFileReference; lastKnownFileType = sourcecode.swift; path = BasicCalc.swift; sourceTree = "<group>"; };
		3FCA173729156FF50031D815 /* BasicGraph.swift */ = {isa = PBXFileReference; lastKnownFileType = sourcecode.swift; path = BasicGraph.swift; sourceTree = "<group>"; };
		3FCA1739291570090031D815 /* Functions.swift */ = {isa = PBXFileReference; lastKnownFileType = sourcecode.swift; path = Functions.swift; sourceTree = "<group>"; };
		3FCA173B291576410031D815 /* GraphSettings.swift */ = {isa = PBXFileReference; lastKnownFileType = sourcecode.swift; path = GraphSettings.swift; sourceTree = "<group>"; };
/* End PBXFileReference section */

/* Begin PBXFrameworksBuildPhase section */
		3FCA170429156FA80031D815 /* Frameworks */ = {
			isa = PBXFrameworksBuildPhase;
			buildActionMask = 2147483647;
			files = (
			);
			runOnlyForDeploymentPostprocessing = 0;
		};
		3FCA171429156FAB0031D815 /* Frameworks */ = {
			isa = PBXFrameworksBuildPhase;
			buildActionMask = 2147483647;
			files = (
			);
			runOnlyForDeploymentPostprocessing = 0;
		};
		3FCA171E29156FAB0031D815 /* Frameworks */ = {
			isa = PBXFrameworksBuildPhase;
			buildActionMask = 2147483647;
			files = (
			);
			runOnlyForDeploymentPostprocessing = 0;
		};
/* End PBXFrameworksBuildPhase section */

/* Begin PBXGroup section */
		3FCA16FE29156FA80031D815 = {
			isa = PBXGroup;
			children = (
				3FCA170929156FA80031D815 /* GraphFunctCalc */,
				3FCA171A29156FAB0031D815 /* GraphFunctCalcTests */,
				3FCA172429156FAB0031D815 /* GraphFunctCalcUITests */,
				3FCA170829156FA80031D815 /* Products */,
			);
			sourceTree = "<group>";
		};
		3FCA170829156FA80031D815 /* Products */ = {
			isa = PBXGroup;
			children = (
				3FCA170729156FA80031D815 /* GraphFunctCalc.app */,
				3FCA171729156FAB0031D815 /* GraphFunctCalcTests.xctest */,
				3FCA172129156FAB0031D815 /* GraphFunctCalcUITests.xctest */,
			);
			name = Products;
			sourceTree = "<group>";
		};
		3FCA170929156FA80031D815 /* GraphFunctCalc */ = {
			isa = PBXGroup;
			children = (
				3FCA170A29156FA80031D815 /* GraphFunctCalcApp.swift */,
				3FCA170C29156FA80031D815 /* ContentView.swift */,
				3FCA173429156FB70031D815 /* Pages */,
				3FCA170E29156FAB0031D815 /* Assets.xcassets */,
				3FCA171029156FAB0031D815 /* Preview Content */,
			);
			path = GraphFunctCalc;
			sourceTree = "<group>";
		};
		3FCA171029156FAB0031D815 /* Preview Content */ = {
			isa = PBXGroup;
			children = (
				3FCA171129156FAB0031D815 /* Preview Assets.xcassets */,
			);
			path = "Preview Content";
			sourceTree = "<group>";
		};
		3FCA171A29156FAB0031D815 /* GraphFunctCalcTests */ = {
			isa = PBXGroup;
			children = (
				3FCA171B29156FAB0031D815 /* GraphFunctCalcTests.swift */,
			);
			path = GraphFunctCalcTests;
			sourceTree = "<group>";
		};
		3FCA172429156FAB0031D815 /* GraphFunctCalcUITests */ = {
			isa = PBXGroup;
			children = (
				3FCA172529156FAB0031D815 /* GraphFunctCalcUITests.swift */,
				3FCA172729156FAB0031D815 /* GraphFunctCalcUITestsLaunchTests.swift */,
			);
			path = GraphFunctCalcUITests;
			sourceTree = "<group>";
		};
		3FCA173429156FB70031D815 /* Pages */ = {
			isa = PBXGroup;
			children = (
				3FCA173529156FE00031D815 /* BasicCalc.swift */,
				3FCA1739291570090031D815 /* Functions.swift */,
				3FCA173729156FF50031D815 /* BasicGraph.swift */,
				3FCA173B291576410031D815 /* GraphSettings.swift */,
			);
			path = Pages;
			sourceTree = "<group>";
		};
/* End PBXGroup section */

/* Begin PBXNativeTarget section */
		3FCA170629156FA80031D815 /* GraphFunctCalc */ = {
			isa = PBXNativeTarget;
			buildConfigurationList = 3FCA172B29156FAB0031D815 /* Build configuration list for PBXNativeTarget "GraphFunctCalc" */;
			buildPhases = (
				3FCA170329156FA80031D815 /* Sources */,
				3FCA170429156FA80031D815 /* Frameworks */,
				3FCA170529156FA80031D815 /* Resources */,
			);
			buildRules = (
			);
			dependencies = (
			);
			name = GraphFunctCalc;
			productName = GraphFunctCalc;
			productReference = 3FCA170729156FA80031D815 /* GraphFunctCalc.app */;
			productType = "com.apple.product-type.application";
		};
		3FCA171629156FAB0031D815 /* GraphFunctCalcTests */ = {
			isa = PBXNativeTarget;
			buildConfigurationList = 3FCA172E29156FAB0031D815 /* Build configuration list for PBXNativeTarget "GraphFunctCalcTests" */;
			buildPhases = (
				3FCA171329156FAB0031D815 /* Sources */,
				3FCA171429156FAB0031D815 /* Frameworks */,
				3FCA171529156FAB0031D815 /* Resources */,
			);
			buildRules = (
			);
			dependencies = (
				3FCA171929156FAB0031D815 /* PBXTargetDependency */,
			);
			name = GraphFunctCalcTests;
			productName = GraphFunctCalcTests;
			productReference = 3FCA171729156FAB0031D815 /* GraphFunctCalcTests.xctest */;
			productType = "com.apple.product-type.bundle.unit-test";
		};
		3FCA172029156FAB0031D815 /* GraphFunctCalcUITests */ = {
			isa = PBXNativeTarget;
			buildConfigurationList = 3FCA173129156FAB0031D815 /* Build configuration list for PBXNativeTarget "GraphFunctCalcUITests" */;
			buildPhases = (
				3FCA171D29156FAB0031D815 /* Sources */,
				3FCA171E29156FAB0031D815 /* Frameworks */,
				3FCA171F29156FAB0031D815 /* Resources */,
			);
			buildRules = (
			);
			dependencies = (
				3FCA172329156FAB0031D815 /* PBXTargetDependency */,
			);
			name = GraphFunctCalcUITests;
			productName = GraphFunctCalcUITests;
			productReference = 3FCA172129156FAB0031D815 /* GraphFunctCalcUITests.xctest */;
			productType = "com.apple.product-type.bundle.ui-testing";
		};
/* End PBXNativeTarget section */

/* Begin PBXProject section */
		3FCA16FF29156FA80031D815 /* Project object */ = {
			isa = PBXProject;
			attributes = {
				BuildIndependentTargetsInParallel = 1;
				LastSwiftUpdateCheck = 1400;
				LastUpgradeCheck = 1400;
				TargetAttributes = {
					3FCA170629156FA80031D815 = {
						CreatedOnToolsVersion = 14.0.1;
					};
					3FCA171629156FAB0031D815 = {
						CreatedOnToolsVersion = 14.0.1;
						TestTargetID = 3FCA170629156FA80031D815;
					};
					3FCA172029156FAB0031D815 = {
						CreatedOnToolsVersion = 14.0.1;
						TestTargetID = 3FCA170629156FA80031D815;
					};
				};
			};
			buildConfigurationList = 3FCA170229156FA80031D815 /* Build configuration list for PBXProject "GraphFunctCalc" */;
			compatibilityVersion = "Xcode 14.0";
			developmentRegion = en;
			hasScannedForEncodings = 0;
			knownRegions = (
				en,
				Base,
			);
			mainGroup = 3FCA16FE29156FA80031D815;
			productRefGroup = 3FCA170829156FA80031D815 /* Products */;
			projectDirPath = "";
			projectRoot = "";
			targets = (
				3FCA170629156FA80031D815 /* GraphFunctCalc */,
				3FCA171629156FAB0031D815 /* GraphFunctCalcTests */,
				3FCA172029156FAB0031D815 /* GraphFunctCalcUITests */,
			);
		};
/* End PBXProject section */

/* Begin PBXResourcesBuildPhase section */
		3FCA170529156FA80031D815 /* Resources */ = {
			isa = PBXResourcesBuildPhase;
			buildActionMask = 2147483647;
			files = (
				3FCA171229156FAB0031D815 /* Preview Assets.xcassets in Resources */,
				3FCA170F29156FAB0031D815 /* Assets.xcassets in Resources */,
			);
			runOnlyForDeploymentPostprocessing = 0;
		};
		3FCA171529156FAB0031D815 /* Resources */ = {
			isa = PBXResourcesBuildPhase;
			buildActionMask = 2147483647;
			files = (
			);
			runOnlyForDeploymentPostprocessing = 0;
		};
		3FCA171F29156FAB0031D815 /* Resources */ = {
			isa = PBXResourcesBuildPhase;
			buildActionMask = 2147483647;
			files = (
			);
			runOnlyForDeploymentPostprocessing = 0;
		};
/* End PBXResourcesBuildPhase section */

/* Begin PBXSourcesBuildPhase section */
		3FCA170329156FA80031D815 /* Sources */ = {
			isa = PBXSourcesBuildPhase;
			buildActionMask = 2147483647;
			files = (
				3FCA170D29156FA80031D815 /* ContentView.swift in Sources */,
				3FCA173629156FE00031D815 /* BasicCalc.swift in Sources */,
				3FCA170B29156FA80031D815 /* GraphFunctCalcApp.swift in Sources */,
				3FCA173C291576410031D815 /* GraphSettings.swift in Sources */,
				3FCA173A291570090031D815 /* Functions.swift in Sources */,
				3FCA173829156FF50031D815 /* BasicGraph.swift in Sources */,
			);
			runOnlyForDeploymentPostprocessing = 0;
		};
		3FCA171329156FAB0031D815 /* Sources */ = {
			isa = PBXSourcesBuildPhase;
			buildActionMask = 2147483647;
			files = (
				3FCA171C29156FAB0031D815 /* GraphFunctCalcTests.swift in Sources */,
			);
			runOnlyForDeploymentPostprocessing = 0;
		};
		3FCA171D29156FAB0031D815 /* Sources */ = {
			isa = PBXSourcesBuildPhase;
			buildActionMask = 2147483647;
			files = (
				3FCA172629156FAB0031D815 /* GraphFunctCalcUITests.swift in Sources */,
				3FCA172829156FAB0031D815 /* GraphFunctCalcUITestsLaunchTests.swift in Sources */,
			);
			runOnlyForDeploymentPostprocessing = 0;
		};
/* End PBXSourcesBuildPhase section */

/* Begin PBXTargetDependency section */
		3FCA171929156FAB0031D815 /* PBXTargetDependency */ = {
			isa = PBXTargetDependency;
			target = 3FCA170629156FA80031D815 /* GraphFunctCalc */;
			targetProxy = 3FCA171829156FAB0031D815 /* PBXContainerItemProxy */;
		};
		3FCA172329156FAB0031D815 /* PBXTargetDependency */ = {
			isa = PBXTargetDependency;
			target = 3FCA170629156FA80031D815 /* GraphFunctCalc */;
			targetProxy = 3FCA172229156FAB0031D815 /* PBXContainerItemProxy */;
		};
/* End PBXTargetDependency section */

/* Begin XCBuildConfiguration section */
		3FCA172929156FAB0031D815 /* Debug */ = {
			isa = XCBuildConfiguration;
			buildSettings = {
				ALWAYS_SEARCH_USER_PATHS = NO;
				CLANG_ANALYZER_NONNULL = YES;
				CLANG_ANALYZER_NUMBER_OBJECT_CONVERSION = YES_AGGRESSIVE;
				CLANG_CXX_LANGUAGE_STANDARD = "gnu++20";
				CLANG_ENABLE_MODULES = YES;
				CLANG_ENABLE_OBJC_ARC = YES;
				CLANG_ENABLE_OBJC_WEAK = YES;
				CLANG_WARN_BLOCK_CAPTURE_AUTORELEASING = YES;
				CLANG_WARN_BOOL_CONVERSION = YES;
				CLANG_WARN_COMMA = YES;
				CLANG_WARN_CONSTANT_CONVERSION = YES;
				CLANG_WARN_DEPRECATED_OBJC_IMPLEMENTATIONS = YES;
				CLANG_WARN_DIRECT_OBJC_ISA_USAGE = YES_ERROR;
				CLANG_WARN_DOCUMENTATION_COMMENTS = YES;
				CLANG_WARN_EMPTY_BODY = YES;
				CLANG_WARN_ENUM_CONVERSION = YES;
				CLANG_WARN_INFINITE_RECURSION = YES;
				CLANG_WARN_INT_CONVERSION = YES;
				CLANG_WARN_NON_LITERAL_NULL_CONVERSION = YES;
				CLANG_WARN_OBJC_IMPLICIT_RETAIN_SELF = YES;
				CLANG_WARN_OBJC_LITERAL_CONVERSION = YES;
				CLANG_WARN_OBJC_ROOT_CLASS = YES_ERROR;
				CLANG_WARN_QUOTED_INCLUDE_IN_FRAMEWORK_HEADER = YES;
				CLANG_WARN_RANGE_LOOP_ANALYSIS = YES;
				CLANG_WARN_STRICT_PROTOTYPES = YES;
				CLANG_WARN_SUSPICIOUS_MOVE = YES;
				CLANG_WARN_UNGUARDED_AVAILABILITY = YES_AGGRESSIVE;
				CLANG_WARN_UNREACHABLE_CODE = YES;
				CLANG_WARN__DUPLICATE_METHOD_MATCH = YES;
				COPY_PHASE_STRIP = NO;
				DEBUG_INFORMATION_FORMAT = dwarf;
				ENABLE_STRICT_OBJC_MSGSEND = YES;
				ENABLE_TESTABILITY = YES;
				GCC_C_LANGUAGE_STANDARD = gnu11;
				GCC_DYNAMIC_NO_PIC = NO;
				GCC_NO_COMMON_BLOCKS = YES;
				GCC_OPTIMIZATION_LEVEL = 0;
				GCC_PREPROCESSOR_DEFINITIONS = (
					"DEBUG=1",
					"$(inherited)",
				);
				GCC_WARN_64_TO_32_BIT_CONVERSION = YES;
				GCC_WARN_ABOUT_RETURN_TYPE = YES_ERROR;
				GCC_WARN_UNDECLARED_SELECTOR = YES;
				GCC_WARN_UNINITIALIZED_AUTOS = YES_AGGRESSIVE;
				GCC_WARN_UNUSED_FUNCTION = YES;
				GCC_WARN_UNUSED_VARIABLE = YES;
				IPHONEOS_DEPLOYMENT_TARGET = 16.0;
				MTL_ENABLE_DEBUG_INFO = INCLUDE_SOURCE;
				MTL_FAST_MATH = YES;
				ONLY_ACTIVE_ARCH = YES;
				SDKROOT = iphoneos;
				SWIFT_ACTIVE_COMPILATION_CONDITIONS = DEBUG;
				SWIFT_OPTIMIZATION_LEVEL = "-Onone";
			};
			name = Debug;
		};
		3FCA172A29156FAB0031D815 /* Release */ = {
			isa = XCBuildConfiguration;
			buildSettings = {
				ALWAYS_SEARCH_USER_PATHS = NO;
				CLANG_ANALYZER_NONNULL = YES;
				CLANG_ANALYZER_NUMBER_OBJECT_CONVERSION = YES_AGGRESSIVE;
				CLANG_CXX_LANGUAGE_STANDARD = "gnu++20";
				CLANG_ENABLE_MODULES = YES;
				CLANG_ENABLE_OBJC_ARC = YES;
				CLANG_ENABLE_OBJC_WEAK = YES;
				CLANG_WARN_BLOCK_CAPTURE_AUTORELEASING = YES;
				CLANG_WARN_BOOL_CONVERSION = YES;
				CLANG_WARN_COMMA = YES;
				CLANG_WARN_CONSTANT_CONVERSION = YES;
				CLANG_WARN_DEPRECATED_OBJC_IMPLEMENTATIONS = YES;
				CLANG_WARN_DIRECT_OBJC_ISA_USAGE = YES_ERROR;
				CLANG_WARN_DOCUMENTATION_COMMENTS = YES;
				CLANG_WARN_EMPTY_BODY = YES;
				CLANG_WARN_ENUM_CONVERSION = YES;
				CLANG_WARN_INFINITE_RECURSION = YES;
				CLANG_WARN_INT_CONVERSION = YES;
				CLANG_WARN_NON_LITERAL_NULL_CONVERSION = YES;
				CLANG_WARN_OBJC_IMPLICIT_RETAIN_SELF = YES;
				CLANG_WARN_OBJC_LITERAL_CONVERSION = YES;
				CLANG_WARN_OBJC_ROOT_CLASS = YES_ERROR;
				CLANG_WARN_QUOTED_INCLUDE_IN_FRAMEWORK_HEADER = YES;
				CLANG_WARN_RANGE_LOOP_ANALYSIS = YES;
				CLANG_WARN_STRICT_PROTOTYPES = YES;
				CLANG_WARN_SUSPICIOUS_MOVE = YES;
				CLANG_WARN_UNGUARDED_AVAILABILITY = YES_AGGRESSIVE;
				CLANG_WARN_UNREACHABLE_CODE = YES;
				CLANG_WARN__DUPLICATE_METHOD_MATCH = YES;
				COPY_PHASE_STRIP = NO;
				DEBUG_INFORMATION_FORMAT = "dwarf-with-dsym";
				ENABLE_NS_ASSERTIONS = NO;
				ENABLE_STRICT_OBJC_MSGSEND = YES;
				GCC_C_LANGUAGE_STANDARD = gnu11;
				GCC_NO_COMMON_BLOCKS = YES;
				GCC_WARN_64_TO_32_BIT_CONVERSION = YES;
				GCC_WARN_ABOUT_RETURN_TYPE = YES_ERROR;
				GCC_WARN_UNDECLARED_SELECTOR = YES;
				GCC_WARN_UNINITIALIZED_AUTOS = YES_AGGRESSIVE;
				GCC_WARN_UNUSED_FUNCTION = YES;
				GCC_WARN_UNUSED_VARIABLE = YES;
				IPHONEOS_DEPLOYMENT_TARGET = 16.0;
				MTL_ENABLE_DEBUG_INFO = NO;
				MTL_FAST_MATH = YES;
				SDKROOT = iphoneos;
				SWIFT_COMPILATION_MODE = wholemodule;
				SWIFT_OPTIMIZATION_LEVEL = "-O";
				VALIDATE_PRODUCT = YES;
			};
			name = Release;
		};
		3FCA172C29156FAB0031D815 /* Debug */ = {
			isa = XCBuildConfiguration;
			buildSettings = {
				ASSETCATALOG_COMPILER_APPICON_NAME = AppIcon;
				ASSETCATALOG_COMPILER_GLOBAL_ACCENT_COLOR_NAME = AccentColor;
				CODE_SIGN_STYLE = Automatic;
				CURRENT_PROJECT_VERSION = 1;
				DEVELOPMENT_ASSET_PATHS = "\"GraphFunctCalc/Preview Content\"";
				DEVELOPMENT_TEAM = LW8L4YFD6F;
				ENABLE_PREVIEWS = YES;
				GENERATE_INFOPLIST_FILE = YES;
				INFOPLIST_KEY_LSApplicationCategoryType = "public.app-category.education";
				INFOPLIST_KEY_UIApplicationSceneManifest_Generation = YES;
				INFOPLIST_KEY_UIApplicationSupportsIndirectInputEvents = YES;
				INFOPLIST_KEY_UILaunchScreen_Generation = YES;
				INFOPLIST_KEY_UISupportedInterfaceOrientations_iPad = "UIInterfaceOrientationPortrait UIInterfaceOrientationPortraitUpsideDown UIInterfaceOrientationLandscapeLeft UIInterfaceOrientationLandscapeRight";
				INFOPLIST_KEY_UISupportedInterfaceOrientations_iPhone = "UIInterfaceOrientationPortrait UIInterfaceOrientationLandscapeLeft UIInterfaceOrientationLandscapeRight";
				LD_RUNPATH_SEARCH_PATHS = (
					"$(inherited)",
					"@executable_path/Frameworks",
				);
				MARKETING_VERSION = 1.0;
				PRODUCT_BUNDLE_IDENTIFIER = shaan.GraphFunctCalc;
				PRODUCT_NAME = "$(TARGET_NAME)";
				SUPPORTED_PLATFORMS = "iphoneos iphonesimulator";
				SUPPORTS_MACCATALYST = NO;
				SUPPORTS_MAC_DESIGNED_FOR_IPHONE_IPAD = YES;
				SWIFT_EMIT_LOC_STRINGS = YES;
				SWIFT_VERSION = 5.0;
				TARGETED_DEVICE_FAMILY = 2;
			};
			name = Debug;
		};
		3FCA172D29156FAB0031D815 /* Release */ = {
			isa = XCBuildConfiguration;
			buildSettings = {
				ASSETCATALOG_COMPILER_APPICON_NAME = AppIcon;
				ASSETCATALOG_COMPILER_GLOBAL_ACCENT_COLOR_NAME = AccentColor;
				CODE_SIGN_STYLE = Automatic;
				CURRENT_PROJECT_VERSION = 1;
				DEVELOPMENT_ASSET_PATHS = "\"GraphFunctCalc/Preview Content\"";
				DEVELOPMENT_TEAM = LW8L4YFD6F;
				ENABLE_PREVIEWS = YES;
				GENERATE_INFOPLIST_FILE = YES;
				INFOPLIST_KEY_LSApplicationCategoryType = "public.app-category.education";
				INFOPLIST_KEY_UIApplicationSceneManifest_Generation = YES;
				INFOPLIST_KEY_UIApplicationSupportsIndirectInputEvents = YES;
				INFOPLIST_KEY_UILaunchScreen_Generation = YES;
				INFOPLIST_KEY_UISupportedInterfaceOrientations_iPad = "UIInterfaceOrientationPortrait UIInterfaceOrientationPortraitUpsideDown UIInterfaceOrientationLandscapeLeft UIInterfaceOrientationLandscapeRight";
				INFOPLIST_KEY_UISupportedInterfaceOrientations_iPhone = "UIInterfaceOrientationPortrait UIInterfaceOrientationLandscapeLeft UIInterfaceOrientationLandscapeRight";
				LD_RUNPATH_SEARCH_PATHS = (
					"$(inherited)",
					"@executable_path/Frameworks",
				);
				MARKETING_VERSION = 1.0;
				PRODUCT_BUNDLE_IDENTIFIER = shaan.GraphFunctCalc;
				PRODUCT_NAME = "$(TARGET_NAME)";
				SUPPORTED_PLATFORMS = "iphoneos iphonesimulator";
				SUPPORTS_MACCATALYST = NO;
				SUPPORTS_MAC_DESIGNED_FOR_IPHONE_IPAD = YES;
				SWIFT_EMIT_LOC_STRINGS = YES;
				SWIFT_VERSION = 5.0;
				TARGETED_DEVICE_FAMILY = 2;
			};
			name = Release;
		};
		3FCA172F29156FAB0031D815 /* Debug */ = {
			isa = XCBuildConfiguration;
			buildSettings = {
				ALWAYS_EMBED_SWIFT_STANDARD_LIBRARIES = YES;
				BUNDLE_LOADER = "$(TEST_HOST)";
				CODE_SIGN_STYLE = Automatic;
				CURRENT_PROJECT_VERSION = 1;
				DEVELOPMENT_TEAM = LW8L4YFD6F;
				GENERATE_INFOPLIST_FILE = YES;
				IPHONEOS_DEPLOYMENT_TARGET = 16.0;
				MARKETING_VERSION = 1.0;
				PRODUCT_BUNDLE_IDENTIFIER = shaan.GraphFunctCalcTests;
				PRODUCT_NAME = "$(TARGET_NAME)";
				SWIFT_EMIT_LOC_STRINGS = NO;
				SWIFT_VERSION = 5.0;
				TARGETED_DEVICE_FAMILY = "1,2";
				TEST_HOST = "$(BUILT_PRODUCTS_DIR)/GraphFunctCalc.app/$(BUNDLE_EXECUTABLE_FOLDER_PATH)/GraphFunctCalc";
			};
			name = Debug;
		};
		3FCA173029156FAB0031D815 /* Release */ = {
			isa = XCBuildConfiguration;
			buildSettings = {
				ALWAYS_EMBED_SWIFT_STANDARD_LIBRARIES = YES;
				BUNDLE_LOADER = "$(TEST_HOST)";
				CODE_SIGN_STYLE = Automatic;
				CURRENT_PROJECT_VERSION = 1;
				DEVELOPMENT_TEAM = LW8L4YFD6F;
				GENERATE_INFOPLIST_FILE = YES;
				IPHONEOS_DEPLOYMENT_TARGET = 16.0;
				MARKETING_VERSION = 1.0;
				PRODUCT_BUNDLE_IDENTIFIER = shaan.GraphFunctCalcTests;
				PRODUCT_NAME = "$(TARGET_NAME)";
				SWIFT_EMIT_LOC_STRINGS = NO;
				SWIFT_VERSION = 5.0;
				TARGETED_DEVICE_FAMILY = "1,2";
				TEST_HOST = "$(BUILT_PRODUCTS_DIR)/GraphFunctCalc.app/$(BUNDLE_EXECUTABLE_FOLDER_PATH)/GraphFunctCalc";
			};
			name = Release;
		};
		3FCA173229156FAB0031D815 /* Debug */ = {
			isa = XCBuildConfiguration;
			buildSettings = {
				ALWAYS_EMBED_SWIFT_STANDARD_LIBRARIES = YES;
				CODE_SIGN_STYLE = Automatic;
				CURRENT_PROJECT_VERSION = 1;
				DEVELOPMENT_TEAM = LW8L4YFD6F;
				GENERATE_INFOPLIST_FILE = YES;
				MARKETING_VERSION = 1.0;
				PRODUCT_BUNDLE_IDENTIFIER = shaan.GraphFunctCalcUITests;
				PRODUCT_NAME = "$(TARGET_NAME)";
				SWIFT_EMIT_LOC_STRINGS = NO;
				SWIFT_VERSION = 5.0;
				TARGETED_DEVICE_FAMILY = "1,2";
				TEST_TARGET_NAME = GraphFunctCalc;
			};
			name = Debug;
		};
		3FCA173329156FAB0031D815 /* Release */ = {
			isa = XCBuildConfiguration;
			buildSettings = {
				ALWAYS_EMBED_SWIFT_STANDARD_LIBRARIES = YES;
				CODE_SIGN_STYLE = Automatic;
				CURRENT_PROJECT_VERSION = 1;
				DEVELOPMENT_TEAM = LW8L4YFD6F;
				GENERATE_INFOPLIST_FILE = YES;
				MARKETING_VERSION = 1.0;
				PRODUCT_BUNDLE_IDENTIFIER = shaan.GraphFunctCalcUITests;
				PRODUCT_NAME = "$(TARGET_NAME)";
				SWIFT_EMIT_LOC_STRINGS = NO;
				SWIFT_VERSION = 5.0;
				TARGETED_DEVICE_FAMILY = "1,2";
				TEST_TARGET_NAME = GraphFunctCalc;
			};
			name = Release;
		};
/* End XCBuildConfiguration section */

/* Begin XCConfigurationList section */
		3FCA170229156FA80031D815 /* Build configuration list for PBXProject "GraphFunctCalc" */ = {
			isa = XCConfigurationList;
			buildConfigurations = (
				3FCA172929156FAB0031D815 /* Debug */,
				3FCA172A29156FAB0031D815 /* Release */,
			);
			defaultConfigurationIsVisible = 0;
			defaultConfigurationName = Release;
		};
		3FCA172B29156FAB0031D815 /* Build configuration list for PBXNativeTarget "GraphFunctCalc" */ = {
			isa = XCConfigurationList;
			buildConfigurations = (
				3FCA172C29156FAB0031D815 /* Debug */,
				3FCA172D29156FAB0031D815 /* Release */,
			);
			defaultConfigurationIsVisible = 0;
			defaultConfigurationName = Release;
		};
		3FCA172E29156FAB0031D815 /* Build configuration list for PBXNativeTarget "GraphFunctCalcTests" */ = {
			isa = XCConfigurationList;
			buildConfigurations = (
				3FCA172F29156FAB0031D815 /* Debug */,
				3FCA173029156FAB0031D815 /* Release */,
			);
			defaultConfigurationIsVisible = 0;
			defaultConfigurationName = Release;
		};
		3FCA173129156FAB0031D815 /* Build configuration list for PBXNativeTarget "GraphFunctCalcUITests" */ = {
			isa = XCConfigurationList;
			buildConfigurations = (
				3FCA173229156FAB0031D815 /* Debug */,
				3FCA173329156FAB0031D815 /* Release */,
			);
			defaultConfigurationIsVisible = 0;
			defaultConfigurationName = Release;
		};
/* End XCConfigurationList section */
	};
	rootObject = 3FCA16FF29156FA80031D815 /* Project object */;
}
